
Microsoft Visual Studio Solution File, Format Version 12.00
# Visual Studio Version 18
VisualStudioVersion = 18.4.11626.88 stable
MinimumVisualStudioVersion = 10.0.40219.1
Project("{FAE04EC0-301F-11D3-BF4B-00C04F79EFBC}") = "Our.Community.Tags.Popular", "Our.Community.Tags.Popular.csproj", "{413F59D2-3052-E1D8-F6DF-08B0B4B799C7}"
EndProject
Global
	GlobalSection(SolutionConfigurationPlatforms) = preSolution
		Debug|Any CPU = Debug|Any CPU
		Release|Any CPU = Release|Any CPU
	EndGlobalSection
	GlobalSection(ProjectConfigurationPlatforms) = postSolution
		{413F59D2-3052-E1D8-F6DF-08B0B4B799C7}.Debug|Any CPU.ActiveCfg = Debug|Any CPU
		{413F59D2-3052-E1D8-F6DF-08B0B4B799C7}.Debug|Any CPU.Build.0 = Debug|Any CPU
		{413F59D2-3052-E1D8-F6DF-08B0B4B799C7}.Release|Any CPU.ActiveCfg = Release|Any CPU
		{413F59D2-3052-E1D8-F6DF-08B0B4B799C7}.Release|Any CPU.Build.0 = Release|Any CPU
	EndGlobalSection
	GlobalSection(SolutionProperties) = preSolution
		HideSolutionNode = FALSE
	EndGlobalSection
	GlobalSection(ExtensibilityGlobals) = postSolution
		SolutionGuid = {34A4AC27-A4E5-4F4A-B254-53722163B9CF}
	EndGlobalSection
EndGlobal
